
Microsoft Visual Studio Solution File, Format Version 12.00
# Visual Studio 14
VisualStudioVersion = 14.0.25420.1
MinimumVisualStudioVersion = 10.0.40219.1
Project("{2150E333-8FDC-42A3-9474-1A3956D46DE8}") = "Engine", "Engine", "{565C526B-13A9-42D3-8023-494C2517900B}"
EndProject
Project("{2150E333-8FDC-42A3-9474-1A3956D46DE8}") = "Games", "Games", "{A96D4D4E-2E4A-4631-BD3A-0917AB15B3CF}"
EndProject
Project("{8BC9CEB8-8B4A-11D0-8D11-00A0C91BC942}") = "UE4", "Intermediate\ProjectFiles\UE4.vcxproj", "{0CD3CB13-04D3-4DC8-8439-C766437D8800}"
EndProject
Project("{8BC9CEB8-8B4A-11D0-8D11-00A0C91BC942}") = "Section_03", "Intermediate\ProjectFiles\Section_03.vcxproj", "{5F614978-D8BD-4F6B-BAE4-EF5A9A16BF19}"
EndProject
Global
	GlobalSection(SolutionConfigurationPlatforms) = preSolution
		DebugGame Editor|HTML5 = DebugGame Editor|HTML5
		DebugGame Editor|Win32 = DebugGame Editor|Win32
		DebugGame Editor|Win64 = DebugGame Editor|Win64
		DebugGame|HTML5 = DebugGame|HTML5
		DebugGame|Win32 = DebugGame|Win32
		DebugGame|Win64 = DebugGame|Win64
		Development Editor|HTML5 = Development Editor|HTML5
		Development Editor|Win32 = Development Editor|Win32
		Development Editor|Win64 = Development Editor|Win64
		Development|HTML5 = Development|HTML5
		Development|Win32 = Development|Win32
		Development|Win64 = Development|Win64
		Shipping|HTML5 = Shipping|HTML5
		Shipping|Win32 = Shipping|Win32
		Shipping|Win64 = Shipping|Win64
	EndGlobalSection
	GlobalSection(ProjectConfigurationPlatforms) = postSolution
		{0CD3CB13-04D3-4DC8-8439-C766437D8800}.DebugGame Editor|HTML5.ActiveCfg = BuiltWithUnrealBuildTool|Win32
		{0CD3CB13-04D3-4DC8-8439-C766437D8800}.DebugGame Editor|HTML5.Build.0 = BuiltWithUnrealBuildTool|Win32
		{0CD3CB13-04D3-4DC8-8439-C766437D8800}.DebugGame Editor|Win32.ActiveCfg = BuiltWithUnrealBuildTool|Win32
		{0CD3CB13-04D3-4DC8-8439-C766437D8800}.DebugGame Editor|Win32.Build.0 = BuiltWithUnrealBuildTool|Win32
		{0CD3CB13-04D3-4DC8-8439-C766437D8800}.DebugGame Editor|Win64.ActiveCfg = BuiltWithUnrealBuildTool|Win32
		{0CD3CB13-04D3-4DC8-8439-C766437D8800}.DebugGame Editor|Win64.Build.0 = BuiltWithUnrealBuildTool|Win32
		{0CD3CB13-04D3-4DC8-8439-C766437D8800}.DebugGame|HTML5.ActiveCfg = BuiltWithUnrealBuildTool|Win32
		{0CD3CB13-04D3-4DC8-8439-C766437D8800}.DebugGame|HTML5.Build.0 = BuiltWithUnrealBuildTool|Win32
		{0CD3CB13-04D3-4DC8-8439-C766437D8800}.DebugGame|Win32.ActiveCfg = BuiltWithUnrealBuildTool|Win32
		{0CD3CB13-04D3-4DC8-8439-C766437D8800}.DebugGame|Win32.Build.0 = BuiltWithUnrealBuildTool|Win32
		{0CD3CB13-04D3-4DC8-8439-C766437D8800}.DebugGame|Win64.ActiveCfg = BuiltWithUnrealBuildTool|Win32
		{0CD3CB13-04D3-4DC8-8439-C766437D8800}.DebugGame|Win64.Build.0 = BuiltWithUnrealBuildTool|Win32
		{0CD3CB13-04D3-4DC8-8439-C766437D8800}.Development Editor|HTML5.ActiveCfg = BuiltWithUnrealBuildTool|Win32
		{0CD3CB13-04D3-4DC8-8439-C766437D8800}.Development Editor|HTML5.Build.0 = BuiltWithUnrealBuildTool|Win32
		{0CD3CB13-04D3-4DC8-8439-C766437D8800}.Development Editor|Win32.ActiveCfg = BuiltWithUnrealBuildTool|Win32
		{0CD3CB13-04D3-4DC8-8439-C766437D8800}.Development Editor|Win32.Build.0 = BuiltWithUnrealBuildTool|Win32
		{0CD3CB13-04D3-4DC8-8439-C766437D8800}.Development Editor|Win64.ActiveCfg = BuiltWithUnrealBuildTool|Win32
		{0CD3CB13-04D3-4DC8-8439-C766437D8800}.Development Editor|Win64.Build.0 = BuiltWithUnrealBuildTool|Win32
		{0CD3CB13-04D3-4DC8-8439-C766437D8800}.Development|HTML5.ActiveCfg = BuiltWithUnrealBuildTool|Win32
		{0CD3CB13-04D3-4DC8-8439-C766437D8800}.Development|HTML5.Build.0 = BuiltWithUnrealBuildTool|Win32
		{0CD3CB13-04D3-4DC8-8439-C766437D8800}.Development|Win32.ActiveCfg = BuiltWithUnrealBuildTool|Win32
		{0CD3CB13-04D3-4DC8-8439-C766437D8800}.Development|Win32.Build.0 = BuiltWithUnrealBuildTool|Win32
		{0CD3CB13-04D3-4DC8-8439-C766437D8800}.Development|Win64.ActiveCfg = BuiltWithUnrealBuildTool|Win32
		{0CD3CB13-04D3-4DC8-8439-C766437D8800}.Development|Win64.Build.0 = BuiltWithUnrealBuildTool|Win32
		{0CD3CB13-04D3-4DC8-8439-C766437D8800}.Shipping|HTML5.ActiveCfg = BuiltWithUnrealBuildTool|Win32
		{0CD3CB13-04D3-4DC8-8439-C766437D8800}.Shipping|HTML5.Build.0 = BuiltWithUnrealBuildTool|Win32
		{0CD3CB13-04D3-4DC8-8439-C766437D8800}.Shipping|Win32.ActiveCfg = BuiltWithUnrealBuildTool|Win32
		{0CD3CB13-04D3-4DC8-8439-C766437D8800}.Shipping|Win32.Build.0 = BuiltWithUnrealBuildTool|Win32
		{0CD3CB13-04D3-4DC8-8439-C766437D8800}.Shipping|Win64.ActiveCfg = BuiltWithUnrealBuildTool|Win32
		{0CD3CB13-04D3-4DC8-8439-C766437D8800}.Shipping|Win64.Build.0 = BuiltWithUnrealBuildTool|Win32
		{5F614978-D8BD-4F6B-BAE4-EF5A9A16BF19}.DebugGame Editor|HTML5.ActiveCfg = HTML5_DebugGame_Editor|Win32
		{5F614978-D8BD-4F6B-BAE4-EF5A9A16BF19}.DebugGame Editor|Win32.ActiveCfg = DebugGame_Editor|Win32
		{5F614978-D8BD-4F6B-BAE4-EF5A9A16BF19}.DebugGame Editor|Win64.ActiveCfg = DebugGame_Editor|x64
		{5F614978-D8BD-4F6B-BAE4-EF5A9A16BF19}.DebugGame Editor|Win64.Build.0 = DebugGame_Editor|x64
		{5F614978-D8BD-4F6B-BAE4-EF5A9A16BF19}.DebugGame|HTML5.ActiveCfg = HTML5_DebugGame_Game|Win32
		{5F614978-D8BD-4F6B-BAE4-EF5A9A16BF19}.DebugGame|HTML5.Build.0 = HTML5_DebugGame_Game|Win32
		{5F614978-D8BD-4F6B-BAE4-EF5A9A16BF19}.DebugGame|Win32.ActiveCfg = DebugGame_Game|Win32
		{5F614978-D8BD-4F6B-BAE4-EF5A9A16BF19}.DebugGame|Win32.Build.0 = DebugGame_Game|Win32
		{5F614978-D8BD-4F6B-BAE4-EF5A9A16BF19}.DebugGame|Win64.ActiveCfg = DebugGame_Game|x64
		{5F614978-D8BD-4F6B-BAE4-EF5A9A16BF19}.DebugGame|Win64.Build.0 = DebugGame_Game|x64
		{5F614978-D8BD-4F6B-BAE4-EF5A9A16BF19}.Development Editor|HTML5.ActiveCfg = HTML5_Development_Editor|Win32
		{5F614978-D8BD-4F6B-BAE4-EF5A9A16BF19}.Development Editor|Win32.ActiveCfg = Development_Editor|Win32
		{5F614978-D8BD-4F6B-BAE4-EF5A9A16BF19}.Development Editor|Win64.ActiveCfg = Development_Editor|x64
		{5F614978-D8BD-4F6B-BAE4-EF5A9A16BF19}.Development Editor|Win64.Build.0 = Development_Editor|x64
		{5F614978-D8BD-4F6B-BAE4-EF5A9A16BF19}.Development|HTML5.ActiveCfg = HTML5_Development_Game|Win32
		{5F614978-D8BD-4F6B-BAE4-EF5A9A16BF19}.Development|HTML5.Build.0 = HTML5_Development_Game|Win32
		{5F614978-D8BD-4F6B-BAE4-EF5A9A16BF19}.Development|Win32.ActiveCfg = Development_Game|Win32
		{5F614978-D8BD-4F6B-BAE4-EF5A9A16BF19}.Development|Win32.Build.0 = Development_Game|Win32
		{5F614978-D8BD-4F6B-BAE4-EF5A9A16BF19}.Development|Win64.ActiveCfg = Development_Game|x64
		{5F614978-D8BD-4F6B-BAE4-EF5A9A16BF19}.Development|Win64.Build.0 = Development_Game|x64
		{5F614978-D8BD-4F6B-BAE4-EF5A9A16BF19}.Shipping|HTML5.ActiveCfg = HTML5_Shipping_Game|Win32
		{5F614978-D8BD-4F6B-BAE4-EF5A9A16BF19}.Shipping|HTML5.Build.0 = HTML5_Shipping_Game|Win32
		{5F614978-D8BD-4F6B-BAE4-EF5A9A16BF19}.Shipping|Win32.ActiveCfg = Shipping_Game|Win32
		{5F614978-D8BD-4F6B-BAE4-EF5A9A16BF19}.Shipping|Win32.Build.0 = Shipping_Game|Win32
		{5F614978-D8BD-4F6B-BAE4-EF5A9A16BF19}.Shipping|Win64.ActiveCfg = Shipping_Game|x64
		{5F614978-D8BD-4F6B-BAE4-EF5A9A16BF19}.Shipping|Win64.Build.0 = Shipping_Game|x64
	EndGlobalSection
	GlobalSection(SolutionProperties) = preSolution
		HideSolutionNode = FALSE
	EndGlobalSection
	GlobalSection(NestedProjects) = preSolution
		{0CD3CB13-04D3-4DC8-8439-C766437D8800} = {565C526B-13A9-42D3-8023-494C2517900B}
		{5F614978-D8BD-4F6B-BAE4-EF5A9A16BF19} = {A96D4D4E-2E4A-4631-BD3A-0917AB15B3CF}
	EndGlobalSection
EndGlobal
